
Microsoft Visual Studio Solution File, Format Version 12.00
# Visual Studio 2015
Project("{FAE04EC0-301F-11D3-BF4B-00C04F79EFBC}") = "TVRepairman.CSharp.Plugins", "TVRepairman.CSharp.Plugins.csproj", "{F326DCBA-3CCE-A010-8A4C-330972A328DC}"
EndProject
Project("{FAE04EC0-301F-11D3-BF4B-00C04F79EFBC}") = "TVRepairman.CSharp", "TVRepairman.CSharp.csproj", "{1EABD794-85F9-5815-BBBD-F2AC246A9A52}"
EndProject
Project("{FAE04EC0-301F-11D3-BF4B-00C04F79EFBC}") = "TVRepairman.CSharp.Editor", "TVRepairman.CSharp.Editor.csproj", "{84C6618C-8FAA-1141-2B37-D91F1C568DC5}"
EndProject
Global
	GlobalSection(SolutionConfigurationPlatforms) = preSolution
		Debug|Any CPU = Debug|Any CPU
		Release|Any CPU = Release|Any CPU
	EndGlobalSection
	GlobalSection(ProjectConfigurationPlatforms) = postSolution
		{F326DCBA-3CCE-A010-8A4C-330972A328DC}.Debug|Any CPU.ActiveCfg = Debug|Any CPU
		{F326DCBA-3CCE-A010-8A4C-330972A328DC}.Debug|Any CPU.Build.0 = Debug|Any CPU
		{F326DCBA-3CCE-A010-8A4C-330972A328DC}.Release|Any CPU.ActiveCfg = Release|Any CPU
		{F326DCBA-3CCE-A010-8A4C-330972A328DC}.Release|Any CPU.Build.0 = Release|Any CPU
		{1EABD794-85F9-5815-BBBD-F2AC246A9A52}.Debug|Any CPU.ActiveCfg = Debug|Any CPU
		{1EABD794-85F9-5815-BBBD-F2AC246A9A52}.Debug|Any CPU.Build.0 = Debug|Any CPU
		{1EABD794-85F9-5815-BBBD-F2AC246A9A52}.Release|Any CPU.ActiveCfg = Release|Any CPU
		{1EABD794-85F9-5815-BBBD-F2AC246A9A52}.Release|Any CPU.Build.0 = Release|Any CPU
		{84C6618C-8FAA-1141-2B37-D91F1C568DC5}.Debug|Any CPU.ActiveCfg = Debug|Any CPU
		{84C6618C-8FAA-1141-2B37-D91F1C568DC5}.Debug|Any CPU.Build.0 = Debug|Any CPU
		{84C6618C-8FAA-1141-2B37-D91F1C568DC5}.Release|Any CPU.ActiveCfg = Release|Any CPU
		{84C6618C-8FAA-1141-2B37-D91F1C568DC5}.Release|Any CPU.Build.0 = Release|Any CPU
	EndGlobalSection
	GlobalSection(SolutionProperties) = preSolution
		HideSolutionNode = FALSE
	EndGlobalSection
EndGlobal
